// !$*UTF8*$!
{
	archiveVersion = 1;
	classes = {
	};
	objectVersion = 50;
	objects = {

/* Begin PBXBuildFile section */
		57B47B29236C194B00AB0E83 /* AppDelegate.swift in Sources */ = {isa = PBXBuildFile; fileRef = 57B47B28236C194B00AB0E83 /* AppDelegate.swift */; };
		57B47B2B236C194B00AB0E83 /* SceneDelegate.swift in Sources */ = {isa = PBXBuildFile; fileRef = 57B47B2A236C194B00AB0E83 /* SceneDelegate.swift */; };
		57B47B2D236C194B00AB0E83 /* MemoViewController.swift in Sources */ = {isa = PBXBuildFile; fileRef = 57B47B2C236C194B00AB0E83 /* MemoViewController.swift */; };
		57B47B2F236C194B00AB0E83 /* DrawViewController.swift in Sources */ = {isa = PBXBuildFile; fileRef = 57B47B2E236C194B00AB0E83 /* DrawViewController.swift */; };
		57B47B32236C194B00AB0E83 /* Main.storyboard in Resources */ = {isa = PBXBuildFile; fileRef = 57B47B30236C194B00AB0E83 /* Main.storyboard */; };
		57B47B34236C194D00AB0E83 /* Assets.xcassets in Resources */ = {isa = PBXBuildFile; fileRef = 57B47B33236C194D00AB0E83 /* Assets.xcassets */; };
		57B47B37236C194D00AB0E83 /* LaunchScreen.storyboard in Resources */ = {isa = PBXBuildFile; fileRef = 57B47B35236C194D00AB0E83 /* LaunchScreen.storyboard */; };
/* End PBXBuildFile section */

/* Begin PBXFileReference section */
		57B47B25236C194B00AB0E83 /* DongMo.app */ = {isa = PBXFileReference; explicitFileType = wrapper.application; includeInIndex = 0; path = DongMo.app; sourceTree = BUILT_PRODUCTS_DIR; };
		57B47B28236C194B00AB0E83 /* AppDelegate.swift */ = {isa = PBXFileReference; lastKnownFileType = sourcecode.swift; path = AppDelegate.swift; sourceTree = "<group>"; };
		57B47B2A236C194B00AB0E83 /* SceneDelegate.swift */ = {isa = PBXFileReference; lastKnownFileType = sourcecode.swift; path = SceneDelegate.swift; sourceTree = "<group>"; };
		57B47B2C236C194B00AB0E83 /* MemoViewController.swift */ = {isa = PBXFileReference; lastKnownFileType = sourcecode.swift; path = MemoViewController.swift; sourceTree = "<group>"; };
		57B47B2E236C194B00AB0E83 /* DrawViewController.swift */ = {isa = PBXFileReference; lastKnownFileType = sourcecode.swift; path = DrawViewController.swift; sourceTree = "<group>"; };
		57B47B31236C194B00AB0E83 /* Base */ = {isa = PBXFileReference; lastKnownFileType = file.storyboard; name = Base; path = Base.lproj/Main.storyboard; sourceTree = "<group>"; };
		57B47B33236C194D00AB0E83 /* Assets.xcassets */ = {isa = PBXFileReference; lastKnownFileType = folder.assetcatalog; path = Assets.xcassets; sourceTree = "<group>"; };
		57B47B36236C194D00AB0E83 /* Base */ = {isa = PBXFileReference; lastKnownFileType = file.storyboard; name = Base; path = Base.lproj/LaunchScreen.storyboard; sourceTree = "<group>"; };
		57B47B38236C194D00AB0E83 /* Info.plist */ = {isa = PBXFileReference; lastKnownFileType = text.plist.xml; path = Info.plist; sourceTree = "<group>"; };
/* End PBXFileReference section */

/* Begin PBXFrameworksBuildPhase section */
		57B47B22236C194B00AB0E83 /* Frameworks */ = {
			isa = PBXFrameworksBuildPhase;
			buildActionMask = 2147483647;
			files = (
			);
			runOnlyForDeploymentPostprocessing = 0;
		};
/* End PBXFrameworksBuildPhase section */

/* Begin PBXGroup section */
		57B47B1C236C194B00AB0E83 = {
			isa = PBXGroup;
			children = (
				57B47B27236C194B00AB0E83 /* DongMo */,
				57B47B26236C194B00AB0E83 /* Products */,
			);
			sourceTree = "<group>";
		};
		57B47B26236C194B00AB0E83 /* Products */ = {
			isa = PBXGroup;
			children = (
				57B47B25236C194B00AB0E83 /* DongMo.app */,
			);
			name = Products;
			sourceTree = "<group>";
		};
		57B47B27236C194B00AB0E83 /* DongMo */ = {
			isa = PBXGroup;
			children = (
				57B47B28236C194B00AB0E83 /* AppDelegate.swift */,
				57B47B2A236C194B00AB0E83 /* SceneDelegate.swift */,
				57B47B2C236C194B00AB0E83 /* MemoViewController.swift */,
				57B47B2E236C194B00AB0E83 /* DrawViewController.swift */,
				57B47B30236C194B00AB0E83 /* Main.storyboard */,
				57B47B33236C194D00AB0E83 /* Assets.xcassets */,
				57B47B35236C194D00AB0E83 /* LaunchScreen.storyboard */,
				57B47B38236C194D00AB0E83 /* Info.plist */,
			);
			path = DongMo;
			sourceTree = "<group>";
		};
/* End PBXGroup section */

/* Begin PBXNativeTarget section */
		57B47B24236C194B00AB0E83 /* DongMo */ = {
			isa = PBXNativeTarget;
			buildConfigurationList = 57B47B3B236C194D00AB0E83 /* Build configuration list for PBXNativeTarget "DongMo" */;
			buildPhases = (
				57B47B21236C194B00AB0E83 /* Sources */,
				57B47B22236C194B00AB0E83 /* Frameworks */,
				57B47B23236C194B00AB0E83 /* Resources */,
			);
			buildRules = (
			);
			dependencies = (
			);
			name = DongMo;
			productName = DongMo;
			productReference = 57B47B25236C194B00AB0E83 /* DongMo.app */;
			productType = "com.apple.product-type.application";
		};
/* End PBXNativeTarget section */

/* Begin PBXProject section */
		57B47B1D236C194B00AB0E83 /* Project object */ = {
			isa = PBXProject;
			attributes = {
				LastSwiftUpdateCheck = 1110;
				LastUpgradeCheck = 1110;
				ORGANIZATIONNAME = kimdonghyun;
				TargetAttributes = {
					57B47B24236C194B00AB0E83 = {
						CreatedOnToolsVersion = 11.1;
					};
				};
			};
			buildConfigurationList = 57B47B20236C194B00AB0E83 /* Build configuration list for PBXProject "DongMo" */;
			compatibilityVersion = "Xcode 9.3";
			developmentRegion = en;
			hasScannedForEncodings = 0;
			knownRegions = (
				en,
				Base,
			);
			mainGroup = 57B47B1C236C194B00AB0E83;
			productRefGroup = 57B47B26236C194B00AB0E83 /* Products */;
			projectDirPath = "";
			projectRoot = "";
			targets = (
				57B47B24236C194B00AB0E83 /* DongMo */,
			);
		};
/* End PBXProject section */

/* Begin PBXResourcesBuildPhase section */
		57B47B23236C194B00AB0E83 /* Resources */ = {
			isa = PBXResourcesBuildPhase;
			buildActionMask = 2147483647;
			files = (
				57B47B37236C194D00AB0E83 /* LaunchScreen.storyboard in Resources */,
				57B47B34236C194D00AB0E83 /* Assets.xcassets in Resources */,
				57B47B32236C194B00AB0E83 /* Main.storyboard in Resources */,
			);
			runOnlyForDeploymentPostprocessing = 0;
		};
/* End PBXResourcesBuildPhase section */

/* Begin PBXSourcesBuildPhase section */
		57B47B21236C194B00AB0E83 /* Sources */ = {
			isa = PBXSourcesBuildPhase;
			buildActionMask = 2147483647;
			files = (
				57B47B2F236C194B00AB0E83 /* DrawViewController.swift in Sources */,
				57B47B2D236C194B00AB0E83 /* MemoViewController.swift in Sources */,
				57B47B29236C194B00AB0E83 /* AppDelegate.swift in Sources */,
				57B47B2B236C194B00AB0E83 /* SceneDelegate.swift in Sources */,
			);
			runOnlyForDeploymentPostprocessing = 0;
		};
/* End PBXSourcesBuildPhase section */

/* Begin PBXVariantGroup section */
		57B47B30236C194B00AB0E83 /* Main.storyboard */ = {
			isa = PBXVariantGroup;
			children = (
				57B47B31236C194B00AB0E83 /* Base */,
			);
			name = Main.storyboard;
			sourceTree = "<group>";
		};
		57B47B35236C194D00AB0E83 /* LaunchScreen.storyboard */ = {
			isa = PBXVariantGroup;
			children = (
				57B47B36236C194D00AB0E83 /* Base */,
			);
			name = LaunchScreen.storyboard;
			sourceTree = "<group>";
		};
/* End PBXVariantGroup section */

/* Begin XCBuildConfiguration section */
		57B47B39236C194D00AB0E83 /* Debug */ = {
			isa = XCBuildConfiguration;
			buildSettings = {
				ALWAYS_SEARCH_USER_PATHS = NO;
				CLANG_ANALYZER_NONNULL = YES;
				CLANG_ANALYZER_NUMBER_OBJECT_CONVERSION = YES_AGGRESSIVE;
				CLANG_CXX_LANGUAGE_STANDARD = "gnu++14";
				CLANG_CXX_LIBRARY = "libc++";
				CLANG_ENABLE_MODULES = YES;
				CLANG_ENABLE_OBJC_ARC = YES;
				CLANG_ENABLE_OBJC_WEAK = YES;
				CLANG_WARN_BLOCK_CAPTURE_AUTORELEASING = YES;
				CLANG_WARN_BOOL_CONVERSION = YES;
				CLANG_WARN_COMMA = YES;
				CLANG_WARN_CONSTANT_CONVERSION = YES;
				CLANG_WARN_DEPRECATED_OBJC_IMPLEMENTATIONS = YES;
				CLANG_WARN_DIRECT_OBJC_ISA_USAGE = YES_ERROR;
				CLANG_WARN_DOCUMENTATION_COMMENTS = YES;
				CLANG_WARN_EMPTY_BODY = YES;
				CLANG_WARN_ENUM_CONVERSION = YES;
				CLANG_WARN_INFINITE_RECURSION = YES;
				CLANG_WARN_INT_CONVERSION = YES;
				CLANG_WARN_NON_LITERAL_NULL_CONVERSION = YES;
				CLANG_WARN_OBJC_IMPLICIT_RETAIN_SELF = YES;
				CLANG_WARN_OBJC_LITERAL_CONVERSION = YES;
				CLANG_WARN_OBJC_ROOT_CLASS = YES_ERROR;
				CLANG_WARN_RANGE_LOOP_ANALYSIS = YES;
				CLANG_WARN_STRICT_PROTOTYPES = YES;
				CLANG_WARN_SUSPICIOUS_MOVE = YES;
				CLANG_WARN_UNGUARDED_AVAILABILITY = YES_AGGRESSIVE;
				CLANG_WARN_UNREACHABLE_CODE = YES;
				CLANG_WARN__DUPLICATE_METHOD_MATCH = YES;
				COPY_PHASE_STRIP = NO;
				DEBUG_INFORMATION_FORMAT = dwarf;
				ENABLE_STRICT_OBJC_MSGSEND = YES;
				ENABLE_TESTABILITY = YES;
				GCC_C_LANGUAGE_STANDARD = gnu11;
				GCC_DYNAMIC_NO_PIC = NO;
				GCC_NO_COMMON_BLOCKS = YES;
				GCC_OPTIMIZATION_LEVEL = 0;
				GCC_PREPROCESSOR_DEFINITIONS = (
					"DEBUG=1",
					"$(inherited)",
				);
				GCC_WARN_64_TO_32_BIT_CONVERSION = YES;
				GCC_WARN_ABOUT_RETURN_TYPE = YES_ERROR;
				GCC_WARN_UNDECLARED_SELECTOR = YES;
				GCC_WARN_UNINITIALIZED_AUTOS = YES_AGGRESSIVE;
				GCC_WARN_UNUSED_FUNCTION = YES;
				GCC_WARN_UNUSED_VARIABLE = YES;
				IPHONEOS_DEPLOYMENT_TARGET = 13.1;
				MTL_ENABLE_DEBUG_INFO = INCLUDE_SOURCE;
				MTL_FAST_MATH = YES;
				ONLY_ACTIVE_ARCH = YES;
				SDKROOT = iphoneos;
				SWIFT_ACTIVE_COMPILATION_CONDITIONS = DEBUG;
				SWIFT_OPTIMIZATION_LEVEL = "-Onone";
			};
			name = Debug;
		};
		57B47B3A236C194D00AB0E83 /* Release */ = {
			isa = XCBuildConfiguration;
			buildSettings = {
				ALWAYS_SEARCH_USER_PATHS = NO;
				CLANG_ANALYZER_NONNULL = YES;
				CLANG_ANALYZER_NUMBER_OBJECT_CONVERSION = YES_AGGRESSIVE;
				CLANG_CXX_LANGUAGE_STANDARD = "gnu++14";
				CLANG_CXX_LIBRARY = "libc++";
				CLANG_ENABLE_MODULES = YES;
				CLANG_ENABLE_OBJC_ARC = YES;
				CLANG_ENABLE_OBJC_WEAK = YES;
				CLANG_WARN_BLOCK_CAPTURE_AUTORELEASING = YES;
				CLANG_WARN_BOOL_CONVERSION = YES;
				CLANG_WARN_COMMA = YES;
				CLANG_WARN_CONSTANT_CONVERSION = YES;
				CLANG_WARN_DEPRECATED_OBJC_IMPLEMENTATIONS = YES;
				CLANG_WARN_DIRECT_OBJC_ISA_USAGE = YES_ERROR;
				CLANG_WARN_DOCUMENTATION_COMMENTS = YES;
				CLANG_WARN_EMPTY_BODY = YES;
				CLANG_WARN_ENUM_CONVERSION = YES;
				CLANG_WARN_INFINITE_RECURSION = YES;
				CLANG_WARN_INT_CONVERSION = YES;
				CLANG_WARN_NON_LITERAL_NULL_CONVERSION = YES;
				CLANG_WARN_OBJC_IMPLICIT_RETAIN_SELF = YES;
				CLANG_WARN_OBJC_LITERAL_CONVERSION = YES;
				CLANG_WARN_OBJC_ROOT_CLASS = YES_ERROR;
				CLANG_WARN_RANGE_LOOP_ANALYSIS = YES;
				CLANG_WARN_STRICT_PROTOTYPES = YES;
				CLANG_WARN_SUSPICIOUS_MOVE = YES;
				CLANG_WARN_UNGUARDED_AVAILABILITY = YES_AGGRESSIVE;
				CLANG_WARN_UNREACHABLE_CODE = YES;
				CLANG_WARN__DUPLICATE_METHOD_MATCH = YES;
				COPY_PHASE_STRIP = NO;
				DEBUG_INFORMATION_FORMAT = "dwarf-with-dsym";
				ENABLE_NS_ASSERTIONS = NO;
				ENABLE_STRICT_OBJC_MSGSEND = YES;
				GCC_C_LANGUAGE_STANDARD = gnu11;
				GCC_NO_COMMON_BLOCKS = YES;
				GCC_WARN_64_TO_32_BIT_CONVERSION = YES;
				GCC_WARN_ABOUT_RETURN_TYPE = YES_ERROR;
				GCC_WARN_UNDECLARED_SELECTOR = YES;
				GCC_WARN_UNINITIALIZED_AUTOS = YES_AGGRESSIVE;
				GCC_WARN_UNUSED_FUNCTION = YES;
				GCC_WARN_UNUSED_VARIABLE = YES;
				IPHONEOS_DEPLOYMENT_TARGET = 13.1;
				MTL_ENABLE_DEBUG_INFO = NO;
				MTL_FAST_MATH = YES;
				SDKROOT = iphoneos;
				SWIFT_COMPILATION_MODE = wholemodule;
				SWIFT_OPTIMIZATION_LEVEL = "-O";
				VALIDATE_PRODUCT = YES;
			};
			name = Release;
		};
		57B47B3C236C194D00AB0E83 /* Debug */ = {
			isa = XCBuildConfiguration;
			buildSettings = {
				ASSETCATALOG_COMPILER_APPICON_NAME = AppIcon;
				CODE_SIGN_STYLE = Automatic;
				DEVELOPMENT_TEAM = V4GBG4VKR4;
				INFOPLIST_FILE = DongMo/Info.plist;
				LD_RUNPATH_SEARCH_PATHS = (
					"$(inherited)",
					"@executable_path/Frameworks",
				);
				PRODUCT_BUNDLE_IDENTIFIER = com.cjenm.amex.cj.DongMo;
				PRODUCT_NAME = "$(TARGET_NAME)";
				SWIFT_VERSION = 5.0;
				TARGETED_DEVICE_FAMILY = "1,2";
			};
			name = Debug;
		};
		57B47B3D236C194D00AB0E83 /* Release */ = {
			isa = XCBuildConfiguration;
			buildSettings = {
				ASSETCATALOG_COMPILER_APPICON_NAME = AppIcon;
				CODE_SIGN_STYLE = Automatic;
				DEVELOPMENT_TEAM = V4GBG4VKR4;
				INFOPLIST_FILE = DongMo/Info.plist;
				LD_RUNPATH_SEARCH_PATHS = (
					"$(inherited)",
					"@executable_path/Frameworks",
				);
				PRODUCT_BUNDLE_IDENTIFIER = com.cjenm.amex.cj.DongMo;
				PRODUCT_NAME = "$(TARGET_NAME)";
				SWIFT_VERSION = 5.0;
				TARGETED_DEVICE_FAMILY = "1,2";
			};
			name = Release;
		};
/* End XCBuildConfiguration section */

/* Begin XCConfigurationList section */
		57B47B20236C194B00AB0E83 /* Build configuration list for PBXProject "DongMo" */ = {
			isa = XCConfigurationList;
			buildConfigurations = (
				57B47B39236C194D00AB0E83 /* Debug */,
				57B47B3A236C194D00AB0E83 /* Release */,
			);
			defaultConfigurationIsVisible = 0;
			defaultConfigurationName = Release;
		};
		57B47B3B236C194D00AB0E83 /* Build configuration list for PBXNativeTarget "DongMo" */ = {
			isa = XCConfigurationList;
			buildConfigurations = (
				57B47B3C236C194D00AB0E83 /* Debug */,
				57B47B3D236C194D00AB0E83 /* Release */,
			);
			defaultConfigurationIsVisible = 0;
			defaultConfigurationName = Release;
		};
/* End XCConfigurationList section */
	};
	rootObject = 57B47B1D236C194B00AB0E83 /* Project object */;
}
